// !$*UTF8*$!
{
	archiveVersion = 1;
	classes = {
	};
	objectVersion = 55;
	objects = {

/* Begin PBXBuildFile section */
		3D07246B274F551D0061B3F5 /* WidgetKit.framework in Frameworks */ = {isa = PBXBuildFile; fileRef = 3D07246A274F551D0061B3F5 /* WidgetKit.framework */; };
		3D07246D274F551D0061B3F5 /* SwiftUI.framework in Frameworks */ = {isa = PBXBuildFile; fileRef = 3D07246C274F551D0061B3F5 /* SwiftUI.framework */; };
		3D072470274F551D0061B3F5 /* Cocktail_Widget.swift in Sources */ = {isa = PBXBuildFile; fileRef = 3D07246F274F551D0061B3F5 /* Cocktail_Widget.swift */; };
		3D072473274F55220061B3F5 /* Assets.xcassets in Resources */ = {isa = PBXBuildFile; fileRef = 3D072472274F55220061B3F5 /* Assets.xcassets */; };
		3D072479274F55220061B3F5 /* Cocktail WidgetExtension.appex in Embed App Extensions */ = {isa = PBXBuildFile; fileRef = 3D072468274F551D0061B3F5 /* Cocktail WidgetExtension.appex */; settings = {ATTRIBUTES = (RemoveHeadersOnCopy, ); }; };
		3D175BA02742846B00EC142B /* Localizable.strings in Resources */ = {isa = PBXBuildFile; fileRef = 3D175BA22742846B00EC142B /* Localizable.strings */; };
		3D175BA6274285BB00EC142B /* String.swift in Sources */ = {isa = PBXBuildFile; fileRef = 3D175BA5274285BB00EC142B /* String.swift */; };
		3D21D4C22733E9C300FE2896 /* Extension.swift in Sources */ = {isa = PBXBuildFile; fileRef = 3D21D4C12733E9C300FE2896 /* Extension.swift */; };
		3D4415C727564B4E00CBCC40 /* GoogleService-Info.plist in Resources */ = {isa = PBXBuildFile; fileRef = 3D4415C627564B4E00CBCC40 /* GoogleService-Info.plist */; };
		3D4415CF27564CF400CBCC40 /* GoogleSignIn in Frameworks */ = {isa = PBXBuildFile; productRef = 3D4415CE27564CF400CBCC40 /* GoogleSignIn */; };
		3D4415D127564EA600CBCC40 /* LoginViewController.swift in Sources */ = {isa = PBXBuildFile; fileRef = 3D4415D027564EA600CBCC40 /* LoginViewController.swift */; };
		3D4415D327565DA200CBCC40 /* ColorChoiceViewController.swift in Sources */ = {isa = PBXBuildFile; fileRef = 3D4415D227565DA200CBCC40 /* ColorChoiceViewController.swift */; };
		3D48C2092759A672001B40FC /* Kingfisher in Frameworks */ = {isa = PBXBuildFile; productRef = 3D48C2082759A672001B40FC /* Kingfisher */; };
		3D48C20E275A0595001B40FC /* NVActivityIndicatorView in Frameworks */ = {isa = PBXBuildFile; productRef = 3D48C20D275A0595001B40FC /* NVActivityIndicatorView */; };
		3D48C210275A0595001B40FC /* NVActivityIndicatorViewExtended in Frameworks */ = {isa = PBXBuildFile; productRef = 3D48C20F275A0595001B40FC /* NVActivityIndicatorViewExtended */; };
		3D48C212275A13A2001B40FC /* LoadingView.swift in Sources */ = {isa = PBXBuildFile; fileRef = 3D48C211275A13A2001B40FC /* LoadingView.swift */; };
		3D647F2D2753327F005EE580 /* SnapKit in Frameworks */ = {isa = PBXBuildFile; productRef = 3D647F2C2753327F005EE580 /* SnapKit */; };
		3D69BF75275B7B57008502EE /* SettingTableViewController.swift in Sources */ = {isa = PBXBuildFile; fileRef = 3D69BF74275B7B57008502EE /* SettingTableViewController.swift */; };
		3D6C6D412732AB5200C70276 /* CocktailListTableView.swift in Sources */ = {isa = PBXBuildFile; fileRef = 3D6C6D402732AB5200C70276 /* CocktailListTableView.swift */; };
		3D6C6D452732B86100C70276 /* CocktailListCell.swift in Sources */ = {isa = PBXBuildFile; fileRef = 3D6C6D442732B86100C70276 /* CocktailListCell.swift */; };
		3D6C6D472732C04400C70276 /* CocktailDetailViewController.swift in Sources */ = {isa = PBXBuildFile; fileRef = 3D6C6D462732C04400C70276 /* CocktailDetailViewController.swift */; };
		3D7481222736566F0092BD74 /* MyBadgeButton.swift in Sources */ = {isa = PBXBuildFile; fileRef = 3D7481212736566E0092BD74 /* MyBadgeButton.swift */; };
		3D74812427366C0E0092BD74 /* WhatIHaveViewController.swift in Sources */ = {isa = PBXBuildFile; fileRef = 3D74812327366C0D0092BD74 /* WhatIHaveViewController.swift */; };
		3D7481292736BC550092BD74 /* WhatIHaveCollectionViewCell.swift in Sources */ = {isa = PBXBuildFile; fileRef = 3D7481282736BC550092BD74 /* WhatIHaveCollectionViewCell.swift */; };
		3D7785982753468D008F0151 /* WishListTableViewController.swift in Sources */ = {isa = PBXBuildFile; fileRef = 3D7785972753468D008F0151 /* WishListTableViewController.swift */; };
		3D7F17C32734D5FF006EDCF9 /* FilteredView.swift in Sources */ = {isa = PBXBuildFile; fileRef = 3D7F17C22734D5FF006EDCF9 /* FilteredView.swift */; };
		3D83715B274C74F300CA6036 /* MyOwnCocktailRecipeViewController.swift in Sources */ = {isa = PBXBuildFile; fileRef = 3D83715A274C74F300CA6036 /* MyOwnCocktailRecipeViewController.swift */; };
		3D83715D274CD7C300CA6036 /* ChoiceIngredientsView.swift in Sources */ = {isa = PBXBuildFile; fileRef = 3D83715C274CD7C300CA6036 /* ChoiceIngredientsView.swift */; };
		3D837160274CD8BE00CA6036 /* MyDrinksViewController.swift in Sources */ = {isa = PBXBuildFile; fileRef = 3D83715F274CD8BE00CA6036 /* MyDrinksViewController.swift */; };
		3DA76A312730D1CD004091CE /* AppDelegate.swift in Sources */ = {isa = PBXBuildFile; fileRef = 3DA76A302730D1CD004091CE /* AppDelegate.swift */; };
		3DA76A332730D1CD004091CE /* SceneDelegate.swift in Sources */ = {isa = PBXBuildFile; fileRef = 3DA76A322730D1CD004091CE /* SceneDelegate.swift */; };
		3DA76A3A2730D1D0004091CE /* Assets.xcassets in Resources */ = {isa = PBXBuildFile; fileRef = 3DA76A392730D1D0004091CE /* Assets.xcassets */; };
		3DA76A3D2730D1D0004091CE /* LaunchScreen.storyboard in Resources */ = {isa = PBXBuildFile; fileRef = 3DA76A3B2730D1D0004091CE /* LaunchScreen.storyboard */; };
		3DA76A452730D244004091CE /* CocktailStruct.swift in Sources */ = {isa = PBXBuildFile; fileRef = 3DA76A442730D244004091CE /* CocktailStruct.swift */; };
		3DA76A472730D574004091CE /* Cocktail.plist in Resources */ = {isa = PBXBuildFile; fileRef = 3DA76A462730D574004091CE /* Cocktail.plist */; };
		3DA76A4C2730D8B7004091CE /* CocktailRecipeViewController.swift in Sources */ = {isa = PBXBuildFile; fileRef = 3DA76A4B2730D8B7004091CE /* CocktailRecipeViewController.swift */; };
		3DA76A522730D920004091CE /* MainViewController.swift in Sources */ = {isa = PBXBuildFile; fileRef = 3DA76A512730D920004091CE /* MainViewController.swift */; };
		3DB910D427566C1C0076CB50 /* ColorCollectionViewCell.swift in Sources */ = {isa = PBXBuildFile; fileRef = 3DB910D327566C1C0076CB50 /* ColorCollectionViewCell.swift */; };
		3DB910D6275683B90076CB50 /* AlcoholChoiceViewController.swift in Sources */ = {isa = PBXBuildFile; fileRef = 3DB910D5275683B90076CB50 /* AlcoholChoiceViewController.swift */; };
		3DB910D827573E420076CB50 /* ReadyToLaunchVIewController.swift in Sources */ = {isa = PBXBuildFile; fileRef = 3DB910D727573E420076CB50 /* ReadyToLaunchVIewController.swift */; };
		3DB910DB27574D720076CB50 /* FirebaseAnalytics in Frameworks */ = {isa = PBXBuildFile; productRef = 3DB910DA27574D720076CB50 /* FirebaseAnalytics */; };
		3DB910DD27574D720076CB50 /* FirebaseAnalyticsSwift-Beta in Frameworks */ = {isa = PBXBuildFile; productRef = 3DB910DC27574D720076CB50 /* FirebaseAnalyticsSwift-Beta */; };
		3DB910DF27574D720076CB50 /* FirebaseAuth in Frameworks */ = {isa = PBXBuildFile; productRef = 3DB910DE27574D720076CB50 /* FirebaseAuth */; };
		3DB910E127574D720076CB50 /* FirebaseCrashlytics in Frameworks */ = {isa = PBXBuildFile; productRef = 3DB910E027574D720076CB50 /* FirebaseCrashlytics */; };
		3DB910E327574D720076CB50 /* FirebaseDatabase in Frameworks */ = {isa = PBXBuildFile; productRef = 3DB910E227574D720076CB50 /* FirebaseDatabase */; };
		3DB910E527574D720076CB50 /* FirebaseDatabaseSwift-Beta in Frameworks */ = {isa = PBXBuildFile; productRef = 3DB910E427574D720076CB50 /* FirebaseDatabaseSwift-Beta */; };
		3DB910E727574D720076CB50 /* FirebaseInAppMessaging-Beta in Frameworks */ = {isa = PBXBuildFile; productRef = 3DB910E627574D720076CB50 /* FirebaseInAppMessaging-Beta */; };
		3DB910E927574D720076CB50 /* FirebaseInAppMessagingSwift-Beta in Frameworks */ = {isa = PBXBuildFile; productRef = 3DB910E827574D720076CB50 /* FirebaseInAppMessagingSwift-Beta */; };
		3DB910EB27574D720076CB50 /* FirebaseMessaging in Frameworks */ = {isa = PBXBuildFile; productRef = 3DB910EA27574D720076CB50 /* FirebaseMessaging */; };
		3DB910ED27574D720076CB50 /* FirebaseRemoteConfig in Frameworks */ = {isa = PBXBuildFile; productRef = 3DB910EC27574D720076CB50 /* FirebaseRemoteConfig */; };
		3DB910EF27574D720076CB50 /* FirebaseStorage in Frameworks */ = {isa = PBXBuildFile; productRef = 3DB910EE27574D720076CB50 /* FirebaseStorage */; };
		3DB910F127574D720076CB50 /* FirebaseStorageSwift-Beta in Frameworks */ = {isa = PBXBuildFile; productRef = 3DB910F027574D720076CB50 /* FirebaseStorageSwift-Beta */; };
		3DB910F3275759E90076CB50 /* Singleton.swift in Sources */ = {isa = PBXBuildFile; fileRef = 3DB910F2275759E90076CB50 /* Singleton.swift */; };
		3DB9110227588D110076CB50 /* InfoPlist.strings in Resources */ = {isa = PBXBuildFile; fileRef = 3DB9110527588D110076CB50 /* InfoPlist.strings */; };
		3DB9110327588D110076CB50 /* InfoPlist.strings in Resources */ = {isa = PBXBuildFile; fileRef = 3DB9110527588D110076CB50 /* InfoPlist.strings */; };
		3DE3221B274B73D700657211 /* AddMyOwnCocktailRecipeViewController.swift in Sources */ = {isa = PBXBuildFile; fileRef = 3DE3221A274B73D700657211 /* AddMyOwnCocktailRecipeViewController.swift */; };
		3DE3221D274B98ED00657211 /* AssistantViewController.swift in Sources */ = {isa = PBXBuildFile; fileRef = 3DE3221C274B98ED00657211 /* AssistantViewController.swift */; };
		3DE56B2D275CDCA60087D979 /* TodayCocktailCollectionViewController.swift in Sources */ = {isa = PBXBuildFile; fileRef = 3DE56B2C275CDCA60087D979 /* TodayCocktailCollectionViewController.swift */; };
		3DE56B2F275CE5FB0087D979 /* TodayCocktailCollectionViewCell.swift in Sources */ = {isa = PBXBuildFile; fileRef = 3DE56B2E275CE5FA0087D979 /* TodayCocktailCollectionViewCell.swift */; };
		3DE56B31275D080A0087D979 /* TodayCocktailCollectionViewHeader.swift in Sources */ = {isa = PBXBuildFile; fileRef = 3DE56B30275D08090087D979 /* TodayCocktailCollectionViewHeader.swift */; };
		3DE56B33275DF93F0087D979 /* DrinkTypeChoiceViewController.swift in Sources */ = {isa = PBXBuildFile; fileRef = 3DE56B32275DF93E0087D979 /* DrinkTypeChoiceViewController.swift */; };
		3DE56B35275E4F750087D979 /* BaseChoiceViewController.swift in Sources */ = {isa = PBXBuildFile; fileRef = 3DE56B34275E4F750087D979 /* BaseChoiceViewController.swift */; };
		3DEADC6E274625F600362D99 /* FilterViewCell.swift in Sources */ = {isa = PBXBuildFile; fileRef = 3DEADC6D274625F600362D99 /* FilterViewCell.swift */; };
		3DF3C2FC275071C100462619 /* CocktailStruct.swift in Sources */ = {isa = PBXBuildFile; fileRef = 3DA76A442730D244004091CE /* CocktailStruct.swift */; };
		3DF3C2FD27507E1A00462619 /* String.swift in Sources */ = {isa = PBXBuildFile; fileRef = 3D175BA5274285BB00EC142B /* String.swift */; };
		3DF3C3002750833000462619 /* Cocktail_SmallView.swift in Sources */ = {isa = PBXBuildFile; fileRef = 3DF3C2FE275081CD00462619 /* Cocktail_SmallView.swift */; };
		3DF3C30327508C4600462619 /* Cocktail.plist in Resources */ = {isa = PBXBuildFile; fileRef = 3DA76A462730D574004091CE /* Cocktail.plist */; };
		3DF79349275A6AC8004E9F98 /* AddRecipeCell.swift in Sources */ = {isa = PBXBuildFile; fileRef = 3DF79348275A6AC8004E9F98 /* AddRecipeCell.swift */; };
		3DF7934B275A70EA004E9F98 /* CocktailData.json in Resources */ = {isa = PBXBuildFile; fileRef = 3DF7934A275A70EA004E9F98 /* CocktailData.json */; };
		7D1CD225274B56AD00C1C821 /* Ingredients.plist in Resources */ = {isa = PBXBuildFile; fileRef = 3D0D9B762744D714008C75E7 /* Ingredients.plist */; };
/* End PBXBuildFile section */

/* Begin PBXContainerItemProxy section */
		3D072477274F55220061B3F5 /* PBXContainerItemProxy */ = {
			isa = PBXContainerItemProxy;
			containerPortal = 3DA76A252730D1CD004091CE /* Project object */;
			proxyType = 1;
			remoteGlobalIDString = 3D072467274F551D0061B3F5;
			remoteInfo = "Cocktail WidgetExtension";
		};
/* End PBXContainerItemProxy section */

/* Begin PBXCopyFilesBuildPhase section */
		3D07247A274F55220061B3F5 /* Embed App Extensions */ = {
			isa = PBXCopyFilesBuildPhase;
			buildActionMask = 2147483647;
			dstPath = "";
			dstSubfolderSpec = 13;
			files = (
				3D072479274F55220061B3F5 /* Cocktail WidgetExtension.appex in Embed App Extensions */,
			);
			name = "Embed App Extensions";
			runOnlyForDeploymentPostprocessing = 0;
		};
/* End PBXCopyFilesBuildPhase section */

/* Begin PBXFileReference section */
		3D072468274F551D0061B3F5 /* Cocktail WidgetExtension.appex */ = {isa = PBXFileReference; explicitFileType = "wrapper.app-extension"; includeInIndex = 0; path = "Cocktail WidgetExtension.appex"; sourceTree = BUILT_PRODUCTS_DIR; };
		3D07246A274F551D0061B3F5 /* WidgetKit.framework */ = {isa = PBXFileReference; lastKnownFileType = wrapper.framework; name = WidgetKit.framework; path = System/Library/Frameworks/WidgetKit.framework; sourceTree = SDKROOT; };
		3D07246C274F551D0061B3F5 /* SwiftUI.framework */ = {isa = PBXFileReference; lastKnownFileType = wrapper.framework; name = SwiftUI.framework; path = System/Library/Frameworks/SwiftUI.framework; sourceTree = SDKROOT; };
		3D07246F274F551D0061B3F5 /* Cocktail_Widget.swift */ = {isa = PBXFileReference; lastKnownFileType = sourcecode.swift; path = Cocktail_Widget.swift; sourceTree = "<group>"; };
		3D072472274F55220061B3F5 /* Assets.xcassets */ = {isa = PBXFileReference; lastKnownFileType = folder.assetcatalog; path = Assets.xcassets; sourceTree = "<group>"; };
		3D0D9B762744D714008C75E7 /* Ingredients.plist */ = {isa = PBXFileReference; lastKnownFileType = text.plist.xml; path = Ingredients.plist; sourceTree = "<group>"; };
		3D175BA12742846B00EC142B /* en */ = {isa = PBXFileReference; lastKnownFileType = text.plist.strings; name = en; path = en.lproj/Localizable.strings; sourceTree = "<group>"; };
		3D175BA3274284CD00EC142B /* ko */ = {isa = PBXFileReference; lastKnownFileType = text.plist.strings; name = ko; path = ko.lproj/LaunchScreen.strings; sourceTree = "<group>"; };
		3D175BA4274284DD00EC142B /* ko */ = {isa = PBXFileReference; lastKnownFileType = text.plist.strings; name = ko; path = ko.lproj/Localizable.strings; sourceTree = "<group>"; };
		3D175BA5274285BB00EC142B /* String.swift */ = {isa = PBXFileReference; lastKnownFileType = sourcecode.swift; path = String.swift; sourceTree = "<group>"; };
		3D21D4C12733E9C300FE2896 /* Extension.swift */ = {isa = PBXFileReference; lastKnownFileType = sourcecode.swift; path = Extension.swift; sourceTree = "<group>"; };
		3D4415C627564B4E00CBCC40 /* GoogleService-Info.plist */ = {isa = PBXFileReference; fileEncoding = 4; lastKnownFileType = text.plist.xml; path = "GoogleService-Info.plist"; sourceTree = "<group>"; };
		3D4415D027564EA600CBCC40 /* LoginViewController.swift */ = {isa = PBXFileReference; lastKnownFileType = sourcecode.swift; path = LoginViewController.swift; sourceTree = "<group>"; };
		3D4415D227565DA200CBCC40 /* ColorChoiceViewController.swift */ = {isa = PBXFileReference; lastKnownFileType = sourcecode.swift; path = ColorChoiceViewController.swift; sourceTree = "<group>"; };
		3D48C211275A13A2001B40FC /* LoadingView.swift */ = {isa = PBXFileReference; lastKnownFileType = sourcecode.swift; path = LoadingView.swift; sourceTree = "<group>"; };
		3D69BF74275B7B57008502EE /* SettingTableViewController.swift */ = {isa = PBXFileReference; lastKnownFileType = sourcecode.swift; path = SettingTableViewController.swift; sourceTree = "<group>"; };
		3D6C6D402732AB5200C70276 /* CocktailListTableView.swift */ = {isa = PBXFileReference; lastKnownFileType = sourcecode.swift; path = CocktailListTableView.swift; sourceTree = "<group>"; };
		3D6C6D442732B86100C70276 /* CocktailListCell.swift */ = {isa = PBXFileReference; lastKnownFileType = sourcecode.swift; path = CocktailListCell.swift; sourceTree = "<group>"; };
		3D6C6D462732C04400C70276 /* CocktailDetailViewController.swift */ = {isa = PBXFileReference; lastKnownFileType = sourcecode.swift; path = CocktailDetailViewController.swift; sourceTree = "<group>"; };
		3D7481212736566E0092BD74 /* MyBadgeButton.swift */ = {isa = PBXFileReference; lastKnownFileType = sourcecode.swift; path = MyBadgeButton.swift; sourceTree = "<group>"; };
		3D74812327366C0D0092BD74 /* WhatIHaveViewController.swift */ = {isa = PBXFileReference; lastKnownFileType = sourcecode.swift; path = WhatIHaveViewController.swift; sourceTree = "<group>"; };
		3D7481282736BC550092BD74 /* WhatIHaveCollectionViewCell.swift */ = {isa = PBXFileReference; lastKnownFileType = sourcecode.swift; path = WhatIHaveCollectionViewCell.swift; sourceTree = "<group>"; };
		3D7785972753468D008F0151 /* WishListTableViewController.swift */ = {isa = PBXFileReference; lastKnownFileType = sourcecode.swift; path = WishListTableViewController.swift; sourceTree = "<group>"; };
		3D7F17C22734D5FF006EDCF9 /* FilteredView.swift */ = {isa = PBXFileReference; lastKnownFileType = sourcecode.swift; path = FilteredView.swift; sourceTree = "<group>"; };
		3D83715A274C74F300CA6036 /* MyOwnCocktailRecipeViewController.swift */ = {isa = PBXFileReference; lastKnownFileType = sourcecode.swift; path = MyOwnCocktailRecipeViewController.swift; sourceTree = "<group>"; };
		3D83715C274CD7C300CA6036 /* ChoiceIngredientsView.swift */ = {isa = PBXFileReference; lastKnownFileType = sourcecode.swift; path = ChoiceIngredientsView.swift; sourceTree = "<group>"; };
		3D83715F274CD8BE00CA6036 /* MyDrinksViewController.swift */ = {isa = PBXFileReference; fileEncoding = 4; lastKnownFileType = sourcecode.swift; path = MyDrinksViewController.swift; sourceTree = "<group>"; };
		3DA76A2D2730D1CD004091CE /* Cocktail.app */ = {isa = PBXFileReference; explicitFileType = wrapper.application; includeInIndex = 0; path = Cocktail.app; sourceTree = BUILT_PRODUCTS_DIR; };
		3DA76A302730D1CD004091CE /* AppDelegate.swift */ = {isa = PBXFileReference; lastKnownFileType = sourcecode.swift; path = AppDelegate.swift; sourceTree = "<group>"; };
		3DA76A322730D1CD004091CE /* SceneDelegate.swift */ = {isa = PBXFileReference; lastKnownFileType = sourcecode.swift; path = SceneDelegate.swift; sourceTree = "<group>"; };
		3DA76A392730D1D0004091CE /* Assets.xcassets */ = {isa = PBXFileReference; lastKnownFileType = folder.assetcatalog; path = Assets.xcassets; sourceTree = "<group>"; };
		3DA76A3C2730D1D0004091CE /* Base */ = {isa = PBXFileReference; lastKnownFileType = file.storyboard; name = Base; path = Base.lproj/LaunchScreen.storyboard; sourceTree = "<group>"; };
		3DA76A442730D244004091CE /* CocktailStruct.swift */ = {isa = PBXFileReference; lastKnownFileType = sourcecode.swift; path = CocktailStruct.swift; sourceTree = "<group>"; };
		3DA76A462730D574004091CE /* Cocktail.plist */ = {isa = PBXFileReference; lastKnownFileType = text.plist.xml; path = Cocktail.plist; sourceTree = "<group>"; };
		3DA76A4B2730D8B7004091CE /* CocktailRecipeViewController.swift */ = {isa = PBXFileReference; lastKnownFileType = sourcecode.swift; path = CocktailRecipeViewController.swift; sourceTree = "<group>"; };
		3DA76A512730D920004091CE /* MainViewController.swift */ = {isa = PBXFileReference; lastKnownFileType = sourcecode.swift; name = MainViewController.swift; path = Cocktail/ViewControllers/MainViewController.swift; sourceTree = SOURCE_ROOT; usesTabs = 0; wrapsLines = 1; };
		3DB910D327566C1C0076CB50 /* ColorCollectionViewCell.swift */ = {isa = PBXFileReference; lastKnownFileType = sourcecode.swift; path = ColorCollectionViewCell.swift; sourceTree = "<group>"; };
		3DB910D5275683B90076CB50 /* AlcoholChoiceViewController.swift */ = {isa = PBXFileReference; lastKnownFileType = sourcecode.swift; path = AlcoholChoiceViewController.swift; sourceTree = "<group>"; };
		3DB910D727573E420076CB50 /* ReadyToLaunchVIewController.swift */ = {isa = PBXFileReference; lastKnownFileType = sourcecode.swift; path = ReadyToLaunchVIewController.swift; sourceTree = "<group>"; };
		3DB910F2275759E90076CB50 /* Singleton.swift */ = {isa = PBXFileReference; lastKnownFileType = sourcecode.swift; path = Singleton.swift; sourceTree = "<group>"; };
		3DB910FC27588CDE0076CB50 /* Info.plist */ = {isa = PBXFileReference; fileEncoding = 4; lastKnownFileType = text.plist.xml; path = Info.plist; sourceTree = "<group>"; };
		3DB9110427588D110076CB50 /* en */ = {isa = PBXFileReference; lastKnownFileType = text.plist.strings; name = en; path = en.lproj/InfoPlist.strings; sourceTree = "<group>"; };
		3DB9110627588D1B0076CB50 /* ko */ = {isa = PBXFileReference; lastKnownFileType = text.plist.strings; name = ko; path = ko.lproj/InfoPlist.strings; sourceTree = "<group>"; };
		3DB9110727588EFC0076CB50 /* Info.plist */ = {isa = PBXFileReference; fileEncoding = 4; lastKnownFileType = text.plist.xml; path = Info.plist; sourceTree = "<group>"; };
		3DE3221A274B73D700657211 /* AddMyOwnCocktailRecipeViewController.swift */ = {isa = PBXFileReference; lastKnownFileType = sourcecode.swift; path = AddMyOwnCocktailRecipeViewController.swift; sourceTree = "<group>"; };
		3DE3221C274B98ED00657211 /* AssistantViewController.swift */ = {isa = PBXFileReference; lastKnownFileType = sourcecode.swift; path = AssistantViewController.swift; sourceTree = "<group>"; };
		3DE56B2C275CDCA60087D979 /* TodayCocktailCollectionViewController.swift */ = {isa = PBXFileReference; lastKnownFileType = sourcecode.swift; path = TodayCocktailCollectionViewController.swift; sourceTree = "<group>"; };
		3DE56B2E275CE5FA0087D979 /* TodayCocktailCollectionViewCell.swift */ = {isa = PBXFileReference; lastKnownFileType = sourcecode.swift; path = TodayCocktailCollectionViewCell.swift; sourceTree = "<group>"; };
		3DE56B30275D08090087D979 /* TodayCocktailCollectionViewHeader.swift */ = {isa = PBXFileReference; lastKnownFileType = sourcecode.swift; path = TodayCocktailCollectionViewHeader.swift; sourceTree = "<group>"; };
		3DE56B32275DF93E0087D979 /* DrinkTypeChoiceViewController.swift */ = {isa = PBXFileReference; lastKnownFileType = sourcecode.swift; path = DrinkTypeChoiceViewController.swift; sourceTree = "<group>"; };
		3DE56B34275E4F750087D979 /* BaseChoiceViewController.swift */ = {isa = PBXFileReference; lastKnownFileType = sourcecode.swift; path = BaseChoiceViewController.swift; sourceTree = "<group>"; };
		3DEADC6D274625F600362D99 /* FilterViewCell.swift */ = {isa = PBXFileReference; lastKnownFileType = sourcecode.swift; path = FilterViewCell.swift; sourceTree = "<group>"; };
		3DF3C2FE275081CD00462619 /* Cocktail_SmallView.swift */ = {isa = PBXFileReference; lastKnownFileType = sourcecode.swift; path = Cocktail_SmallView.swift; sourceTree = "<group>"; };
		3DF3C3042750C97800462619 /* Cocktail.entitlements */ = {isa = PBXFileReference; lastKnownFileType = text.plist.entitlements; path = Cocktail.entitlements; sourceTree = "<group>"; };
		3DF79348275A6AC8004E9F98 /* AddRecipeCell.swift */ = {isa = PBXFileReference; lastKnownFileType = sourcecode.swift; path = AddRecipeCell.swift; sourceTree = "<group>"; };
		3DF7934A275A70EA004E9F98 /* CocktailData.json */ = {isa = PBXFileReference; fileEncoding = 4; lastKnownFileType = text.json; path = CocktailData.json; sourceTree = "<group>"; };
/* End PBXFileReference section */

/* Begin PBXFrameworksBuildPhase section */
		3D072465274F551D0061B3F5 /* Frameworks */ = {
			isa = PBXFrameworksBuildPhase;
			buildActionMask = 2147483647;
			files = (
				3D07246D274F551D0061B3F5 /* SwiftUI.framework in Frameworks */,
				3D07246B274F551D0061B3F5 /* WidgetKit.framework in Frameworks */,
			);
			runOnlyForDeploymentPostprocessing = 0;
		};
		3DA76A2A2730D1CD004091CE /* Frameworks */ = {
			isa = PBXFrameworksBuildPhase;
			buildActionMask = 2147483647;
			files = (
				3D48C20E275A0595001B40FC /* NVActivityIndicatorView in Frameworks */,
				3D4415CF27564CF400CBCC40 /* GoogleSignIn in Frameworks */,
				3DB910DF27574D720076CB50 /* FirebaseAuth in Frameworks */,
				3DB910E927574D720076CB50 /* FirebaseInAppMessagingSwift-Beta in Frameworks */,
				3DB910ED27574D720076CB50 /* FirebaseRemoteConfig in Frameworks */,
				3DB910E727574D720076CB50 /* FirebaseInAppMessaging-Beta in Frameworks */,
				3DB910F127574D720076CB50 /* FirebaseStorageSwift-Beta in Frameworks */,
				3D647F2D2753327F005EE580 /* SnapKit in Frameworks */,
				3DB910E127574D720076CB50 /* FirebaseCrashlytics in Frameworks */,
				3DB910DD27574D720076CB50 /* FirebaseAnalyticsSwift-Beta in Frameworks */,
				3D48C2092759A672001B40FC /* Kingfisher in Frameworks */,
				3DB910EF27574D720076CB50 /* FirebaseStorage in Frameworks */,
				3DB910E327574D720076CB50 /* FirebaseDatabase in Frameworks */,
				3DB910E527574D720076CB50 /* FirebaseDatabaseSwift-Beta in Frameworks */,
				3DB910EB27574D720076CB50 /* FirebaseMessaging in Frameworks */,
				3DB910DB27574D720076CB50 /* FirebaseAnalytics in Frameworks */,
				3D48C210275A0595001B40FC /* NVActivityIndicatorViewExtended in Frameworks */,
			);
			runOnlyForDeploymentPostprocessing = 0;
		};
/* End PBXFrameworksBuildPhase section */

/* Begin PBXGroup section */
		3D072469274F551D0061B3F5 /* Frameworks */ = {
			isa = PBXGroup;
			children = (
				3D07246A274F551D0061B3F5 /* WidgetKit.framework */,
				3D07246C274F551D0061B3F5 /* SwiftUI.framework */,
			);
			name = Frameworks;
			sourceTree = "<group>";
		};
		3D07246E274F551D0061B3F5 /* Cocktail Widget */ = {
			isa = PBXGroup;
			children = (
				3D07246F274F551D0061B3F5 /* Cocktail_Widget.swift */,
				3DF3C2FE275081CD00462619 /* Cocktail_SmallView.swift */,
				3DB9110727588EFC0076CB50 /* Info.plist */,
				3D072472274F55220061B3F5 /* Assets.xcassets */,
			);
			path = "Cocktail Widget";
			sourceTree = "<group>";
		};
		3D4415D427565DAA00CBCC40 /* FirstLaunch */ = {
			isa = PBXGroup;
			children = (
				3D4415D027564EA600CBCC40 /* LoginViewController.swift */,
				3D4415D227565DA200CBCC40 /* ColorChoiceViewController.swift */,
				3DB910D327566C1C0076CB50 /* ColorCollectionViewCell.swift */,
				3DB910D5275683B90076CB50 /* AlcoholChoiceViewController.swift */,
				3DB910D727573E420076CB50 /* ReadyToLaunchVIewController.swift */,
				3DE56B32275DF93E0087D979 /* DrinkTypeChoiceViewController.swift */,
			);
			path = FirstLaunch;
			sourceTree = "<group>";
		};
		3D74812A2736BC610092BD74 /* HomeBar */ = {
			isa = PBXGroup;
			children = (
				3DE3221C274B98ED00657211 /* AssistantViewController.swift */,
				3D7785972753468D008F0151 /* WishListTableViewController.swift */,
				3D83715A274C74F300CA6036 /* MyOwnCocktailRecipeViewController.swift */,
				3DE3221A274B73D700657211 /* AddMyOwnCocktailRecipeViewController.swift */,
				3DF79348275A6AC8004E9F98 /* AddRecipeCell.swift */,
				3D48C211275A13A2001B40FC /* LoadingView.swift */,
				3D83715C274CD7C300CA6036 /* ChoiceIngredientsView.swift */,
				3D83715E274CD7D000CA6036 /* MyDrinks */,
			);
			path = HomeBar;
			sourceTree = "<group>";
		};
		3D83715E274CD7D000CA6036 /* MyDrinks */ = {
			isa = PBXGroup;
			children = (
				3D83715F274CD8BE00CA6036 /* MyDrinksViewController.swift */,
				3D74812327366C0D0092BD74 /* WhatIHaveViewController.swift */,
				3D7481282736BC550092BD74 /* WhatIHaveCollectionViewCell.swift */,
			);
			path = MyDrinks;
			sourceTree = "<group>";
		};
		3DA76A242730D1CD004091CE = {
			isa = PBXGroup;
			children = (
				3DA76A2F2730D1CD004091CE /* Cocktail */,
				3D07246E274F551D0061B3F5 /* Cocktail Widget */,
				3D072469274F551D0061B3F5 /* Frameworks */,
				3DA76A2E2730D1CD004091CE /* Products */,
			);
			sourceTree = "<group>";
		};
		3DA76A2E2730D1CD004091CE /* Products */ = {
			isa = PBXGroup;
			children = (
				3DA76A2D2730D1CD004091CE /* Cocktail.app */,
				3D072468274F551D0061B3F5 /* Cocktail WidgetExtension.appex */,
			);
			name = Products;
			sourceTree = "<group>";
		};
		3DA76A2F2730D1CD004091CE /* Cocktail */ = {
			isa = PBXGroup;
			children = (
				3DF3C3042750C97800462619 /* Cocktail.entitlements */,
				3DA76A3B2730D1D0004091CE /* LaunchScreen.storyboard */,
				3DA76A322730D1CD004091CE /* SceneDelegate.swift */,
				3DA76A302730D1CD004091CE /* AppDelegate.swift */,
				3DA76A442730D244004091CE /* CocktailStruct.swift */,
				3DB910F2275759E90076CB50 /* Singleton.swift */,
				3D21D4C12733E9C300FE2896 /* Extension.swift */,
				3D7481212736566E0092BD74 /* MyBadgeButton.swift */,
				3D4415D427565DAA00CBCC40 /* FirstLaunch */,
				3DA76A4A2730D8A2004091CE /* ViewControllers */,
				3D4415C627564B4E00CBCC40 /* GoogleService-Info.plist */,
				3DA76A392730D1D0004091CE /* Assets.xcassets */,
				3DA76A462730D574004091CE /* Cocktail.plist */,
				3DF7934A275A70EA004E9F98 /* CocktailData.json */,
				3D0D9B762744D714008C75E7 /* Ingredients.plist */,
				3DB910FC27588CDE0076CB50 /* Info.plist */,
				3DB9110527588D110076CB50 /* InfoPlist.strings */,
				3D175BA22742846B00EC142B /* Localizable.strings */,
				3D175BA5274285BB00EC142B /* String.swift */,
			);
			path = Cocktail;
			sourceTree = "<group>";
		};
		3DA76A4A2730D8A2004091CE /* ViewControllers */ = {
			isa = PBXGroup;
			children = (
				3DA76A512730D920004091CE /* MainViewController.swift */,
				3DE56B2C275CDCA60087D979 /* TodayCocktailCollectionViewController.swift */,
				3DE56B30275D08090087D979 /* TodayCocktailCollectionViewHeader.swift */,
				3DE56B2E275CE5FA0087D979 /* TodayCocktailCollectionViewCell.swift */,
				3DE56B34275E4F750087D979 /* BaseChoiceViewController.swift */,
				3D6C6D402732AB5200C70276 /* CocktailListTableView.swift */,
				3D6C6D442732B86100C70276 /* CocktailListCell.swift */,
				3D6C6D462732C04400C70276 /* CocktailDetailViewController.swift */,
				3DA76A4B2730D8B7004091CE /* CocktailRecipeViewController.swift */,
				3D7F17C22734D5FF006EDCF9 /* FilteredView.swift */,
				3DEADC6D274625F600362D99 /* FilterViewCell.swift */,
				3D74812A2736BC610092BD74 /* HomeBar */,
				3D69BF74275B7B57008502EE /* SettingTableViewController.swift */,
			);
			name = ViewControllers;
			path = Cocktail/ViewControllers;
			sourceTree = SOURCE_ROOT;
		};
/* End PBXGroup section */

/* Begin PBXNativeTarget section */
		3D072467274F551D0061B3F5 /* Cocktail WidgetExtension */ = {
			isa = PBXNativeTarget;
			buildConfigurationList = 3D07247D274F55220061B3F5 /* Build configuration list for PBXNativeTarget "Cocktail WidgetExtension" */;
			buildPhases = (
				3D072464274F551D0061B3F5 /* Sources */,
				3D072465274F551D0061B3F5 /* Frameworks */,
				3D072466274F551D0061B3F5 /* Resources */,
			);
			buildRules = (
			);
			dependencies = (
			);
			name = "Cocktail WidgetExtension";
			productName = "Cocktail WidgetExtension";
			productReference = 3D072468274F551D0061B3F5 /* Cocktail WidgetExtension.appex */;
			productType = "com.apple.product-type.app-extension";
		};
		3DA76A2C2730D1CD004091CE /* Cocktail */ = {
			isa = PBXNativeTarget;
			buildConfigurationList = 3DA76A412730D1D0004091CE /* Build configuration list for PBXNativeTarget "Cocktail" */;
			buildPhases = (
				3DA76A292730D1CD004091CE /* Sources */,
				3DA76A2A2730D1CD004091CE /* Frameworks */,
				3DA76A2B2730D1CD004091CE /* Resources */,
				3D07247A274F55220061B3F5 /* Embed App Extensions */,
			);
			buildRules = (
			);
			dependencies = (
				3D072478274F55220061B3F5 /* PBXTargetDependency */,
			);
			name = Cocktail;
			packageProductDependencies = (
				3D647F2C2753327F005EE580 /* SnapKit */,
				3D4415CE27564CF400CBCC40 /* GoogleSignIn */,
				3DB910DA27574D720076CB50 /* FirebaseAnalytics */,
				3DB910DC27574D720076CB50 /* FirebaseAnalyticsSwift-Beta */,
				3DB910DE27574D720076CB50 /* FirebaseAuth */,
				3DB910E027574D720076CB50 /* FirebaseCrashlytics */,
				3DB910E227574D720076CB50 /* FirebaseDatabase */,
				3DB910E427574D720076CB50 /* FirebaseDatabaseSwift-Beta */,
				3DB910E627574D720076CB50 /* FirebaseInAppMessaging-Beta */,
				3DB910E827574D720076CB50 /* FirebaseInAppMessagingSwift-Beta */,
				3DB910EA27574D720076CB50 /* FirebaseMessaging */,
				3DB910EC27574D720076CB50 /* FirebaseRemoteConfig */,
				3DB910EE27574D720076CB50 /* FirebaseStorage */,
				3DB910F027574D720076CB50 /* FirebaseStorageSwift-Beta */,
				3D48C2082759A672001B40FC /* Kingfisher */,
				3D48C20D275A0595001B40FC /* NVActivityIndicatorView */,
				3D48C20F275A0595001B40FC /* NVActivityIndicatorViewExtended */,
			);
			productName = Cocktail;
			productReference = 3DA76A2D2730D1CD004091CE /* Cocktail.app */;
			productType = "com.apple.product-type.application";
		};
/* End PBXNativeTarget section */

/* Begin PBXProject section */
		3DA76A252730D1CD004091CE /* Project object */ = {
			isa = PBXProject;
			attributes = {
				BuildIndependentTargetsInParallel = 1;
				LastSwiftUpdateCheck = 1310;
				LastUpgradeCheck = 1310;
				TargetAttributes = {
					3D072467274F551D0061B3F5 = {
						CreatedOnToolsVersion = 13.1;
					};
					3DA76A2C2730D1CD004091CE = {
						CreatedOnToolsVersion = 13.1;
					};
				};
			};
			buildConfigurationList = 3DA76A282730D1CD004091CE /* Build configuration list for PBXProject "Cocktail" */;
			compatibilityVersion = "Xcode 13.0";
			developmentRegion = en;
			hasScannedForEncodings = 0;
			knownRegions = (
				en,
				Base,
				ko,
			);
			mainGroup = 3DA76A242730D1CD004091CE;
			packageReferences = (
				3D647F2B2753327F005EE580 /* XCRemoteSwiftPackageReference "SnapKit" */,
				3D4415CD27564CF400CBCC40 /* XCRemoteSwiftPackageReference "GoogleSignIn-iOS" */,
				3DB910D927574D720076CB50 /* XCRemoteSwiftPackageReference "firebase-ios-sdk" */,
				3D48C2072759A671001B40FC /* XCRemoteSwiftPackageReference "Kingfisher" */,
				3D48C20C275A0595001B40FC /* XCRemoteSwiftPackageReference "NVActivityIndicatorView" */,
			);
			productRefGroup = 3DA76A2E2730D1CD004091CE /* Products */;
			projectDirPath = "";
			projectRoot = "";
			targets = (
				3DA76A2C2730D1CD004091CE /* Cocktail */,
				3D072467274F551D0061B3F5 /* Cocktail WidgetExtension */,
			);
		};
/* End PBXProject section */

/* Begin PBXResourcesBuildPhase section */
		3D072466274F551D0061B3F5 /* Resources */ = {
			isa = PBXResourcesBuildPhase;
			buildActionMask = 2147483647;
			files = (
				3DF3C30327508C4600462619 /* Cocktail.plist in Resources */,
				3D072473274F55220061B3F5 /* Assets.xcassets in Resources */,
				3DB9110327588D110076CB50 /* InfoPlist.strings in Resources */,
			);
			runOnlyForDeploymentPostprocessing = 0;
		};
		3DA76A2B2730D1CD004091CE /* Resources */ = {
			isa = PBXResourcesBuildPhase;
			buildActionMask = 2147483647;
			files = (
				3DA76A3D2730D1D0004091CE /* LaunchScreen.storyboard in Resources */,
				3D175BA02742846B00EC142B /* Localizable.strings in Resources */,
				3DA76A472730D574004091CE /* Cocktail.plist in Resources */,
				3DF7934B275A70EA004E9F98 /* CocktailData.json in Resources */,
				7D1CD225274B56AD00C1C821 /* Ingredients.plist in Resources */,
				3DA76A3A2730D1D0004091CE /* Assets.xcassets in Resources */,
				3D4415C727564B4E00CBCC40 /* GoogleService-Info.plist in Resources */,
				3DB9110227588D110076CB50 /* InfoPlist.strings in Resources */,
			);
			runOnlyForDeploymentPostprocessing = 0;
		};
/* End PBXResourcesBuildPhase section */

/* Begin PBXSourcesBuildPhase section */
		3D072464274F551D0061B3F5 /* Sources */ = {
			isa = PBXSourcesBuildPhase;
			buildActionMask = 2147483647;
			files = (
				3DF3C2FC275071C100462619 /* CocktailStruct.swift in Sources */,
				3DF3C2FD27507E1A00462619 /* String.swift in Sources */,
				3DF3C3002750833000462619 /* Cocktail_SmallView.swift in Sources */,
				3D072470274F551D0061B3F5 /* Cocktail_Widget.swift in Sources */,
			);
			runOnlyForDeploymentPostprocessing = 0;
		};
		3DA76A292730D1CD004091CE /* Sources */ = {
			isa = PBXSourcesBuildPhase;
			buildActionMask = 2147483647;
			files = (
				3D74812427366C0E0092BD74 /* WhatIHaveViewController.swift in Sources */,
				3D7F17C32734D5FF006EDCF9 /* FilteredView.swift in Sources */,
				3D6C6D452732B86100C70276 /* CocktailListCell.swift in Sources */,
				3D7481222736566F0092BD74 /* MyBadgeButton.swift in Sources */,
				3DE56B31275D080A0087D979 /* TodayCocktailCollectionViewHeader.swift in Sources */,
				3D7481292736BC550092BD74 /* WhatIHaveCollectionViewCell.swift in Sources */,
				3DE56B2F275CE5FB0087D979 /* TodayCocktailCollectionViewCell.swift in Sources */,
				3DA76A4C2730D8B7004091CE /* CocktailRecipeViewController.swift in Sources */,
				3D837160274CD8BE00CA6036 /* MyDrinksViewController.swift in Sources */,
				3D6C6D412732AB5200C70276 /* CocktailListTableView.swift in Sources */,
				3DA76A312730D1CD004091CE /* AppDelegate.swift in Sources */,
				3DE3221B274B73D700657211 /* AddMyOwnCocktailRecipeViewController.swift in Sources */,
				3D83715B274C74F300CA6036 /* MyOwnCocktailRecipeViewController.swift in Sources */,
				3DE56B33275DF93F0087D979 /* DrinkTypeChoiceViewController.swift in Sources */,
				3D83715D274CD7C300CA6036 /* ChoiceIngredientsView.swift in Sources */,
				3D4415D327565DA200CBCC40 /* ColorChoiceViewController.swift in Sources */,
				3D4415D127564EA600CBCC40 /* LoginViewController.swift in Sources */,
				3DB910D427566C1C0076CB50 /* ColorCollectionViewCell.swift in Sources */,
				3D6C6D472732C04400C70276 /* CocktailDetailViewController.swift in Sources */,
				3D21D4C22733E9C300FE2896 /* Extension.swift in Sources */,
				3D69BF75275B7B57008502EE /* SettingTableViewController.swift in Sources */,
				3DB910F3275759E90076CB50 /* Singleton.swift in Sources */,
				3DEADC6E274625F600362D99 /* FilterViewCell.swift in Sources */,
				3D175BA6274285BB00EC142B /* String.swift in Sources */,
				3DE3221D274B98ED00657211 /* AssistantViewController.swift in Sources */,
				3D7785982753468D008F0151 /* WishListTableViewController.swift in Sources */,
				3DF79349275A6AC8004E9F98 /* AddRecipeCell.swift in Sources */,
				3DB910D827573E420076CB50 /* ReadyToLaunchVIewController.swift in Sources */,
				3DB910D6275683B90076CB50 /* AlcoholChoiceViewController.swift in Sources */,
				3DA76A452730D244004091CE /* CocktailStruct.swift in Sources */,
				3DE56B2D275CDCA60087D979 /* TodayCocktailCollectionViewController.swift in Sources */,
				3DA76A332730D1CD004091CE /* SceneDelegate.swift in Sources */,
				3D48C212275A13A2001B40FC /* LoadingView.swift in Sources */,
				3DE56B35275E4F750087D979 /* BaseChoiceViewController.swift in Sources */,
				3DA76A522730D920004091CE /* MainViewController.swift in Sources */,
			);
			runOnlyForDeploymentPostprocessing = 0;
		};
/* End PBXSourcesBuildPhase section */

/* Begin PBXTargetDependency section */
		3D072478274F55220061B3F5 /* PBXTargetDependency */ = {
			isa = PBXTargetDependency;
			target = 3D072467274F551D0061B3F5 /* Cocktail WidgetExtension */;
			targetProxy = 3D072477274F55220061B3F5 /* PBXContainerItemProxy */;
		};
/* End PBXTargetDependency section */

/* Begin PBXVariantGroup section */
		3D175BA22742846B00EC142B /* Localizable.strings */ = {
			isa = PBXVariantGroup;
			children = (
				3D175BA12742846B00EC142B /* en */,
				3D175BA4274284DD00EC142B /* ko */,
			);
			name = Localizable.strings;
			sourceTree = "<group>";
		};
		3DA76A3B2730D1D0004091CE /* LaunchScreen.storyboard */ = {
			isa = PBXVariantGroup;
			children = (
				3DA76A3C2730D1D0004091CE /* Base */,
				3D175BA3274284CD00EC142B /* ko */,
			);
			name = LaunchScreen.storyboard;
			sourceTree = "<group>";
		};
		3DB9110527588D110076CB50 /* InfoPlist.strings */ = {
			isa = PBXVariantGroup;
			children = (
				3DB9110427588D110076CB50 /* en */,
				3DB9110627588D1B0076CB50 /* ko */,
			);
			name = InfoPlist.strings;
			sourceTree = "<group>";
		};
/* End PBXVariantGroup section */

/* Begin XCBuildConfiguration section */
		3D07247B274F55220061B3F5 /* Debug */ = {
			isa = XCBuildConfiguration;
			buildSettings = {
				ASSETCATALOG_COMPILER_GLOBAL_ACCENT_COLOR_NAME = AccentColor;
				ASSETCATALOG_COMPILER_WIDGET_BACKGROUND_COLOR_NAME = WidgetBackground;
				CODE_SIGN_IDENTITY = "Apple Development";
				CODE_SIGN_STYLE = Automatic;
				CURRENT_PROJECT_VERSION = 1;
				DEVELOPMENT_TEAM = 3GBKG7DTJY;
				GENERATE_INFOPLIST_FILE = YES;
				INFOPLIST_FILE = "Cocktail Widget/Info.plist";
				INFOPLIST_KEY_CFBundleDisplayName = "Cocktail Widget";
				INFOPLIST_KEY_NSHumanReadableCopyright = "";
				LD_RUNPATH_SEARCH_PATHS = (
					"$(inherited)",
					"@executable_path/Frameworks",
					"@executable_path/../../Frameworks",
				);
				MARKETING_VERSION = 0.3.0;
				PRODUCT_BUNDLE_IDENTIFIER = "heesung.Cocktail.Cocktail-Widget";
				PRODUCT_NAME = "$(TARGET_NAME)";
				PROVISIONING_PROFILE_SPECIFIER = "";
				SKIP_INSTALL = YES;
				SWIFT_EMIT_LOC_STRINGS = YES;
				SWIFT_VERSION = 5.0;
				TARGETED_DEVICE_FAMILY = 1;
			};
			name = Debug;
		};
		3D07247C274F55220061B3F5 /* Release */ = {
			isa = XCBuildConfiguration;
			buildSettings = {
				ASSETCATALOG_COMPILER_GLOBAL_ACCENT_COLOR_NAME = AccentColor;
				ASSETCATALOG_COMPILER_WIDGET_BACKGROUND_COLOR_NAME = WidgetBackground;
				CODE_SIGN_IDENTITY = "Apple Development";
				CODE_SIGN_STYLE = Automatic;
				CURRENT_PROJECT_VERSION = 1;
				DEVELOPMENT_TEAM = 3GBKG7DTJY;
				GENERATE_INFOPLIST_FILE = YES;
				INFOPLIST_FILE = "Cocktail Widget/Info.plist";
				INFOPLIST_KEY_CFBundleDisplayName = "Cocktail Widget";
				INFOPLIST_KEY_NSHumanReadableCopyright = "";
				LD_RUNPATH_SEARCH_PATHS = (
					"$(inherited)",
					"@executable_path/Frameworks",
					"@executable_path/../../Frameworks",
				);
				MARKETING_VERSION = 0.3.0;
				PRODUCT_BUNDLE_IDENTIFIER = "heesung.Cocktail.Cocktail-Widget";
				PRODUCT_NAME = "$(TARGET_NAME)";
				PROVISIONING_PROFILE_SPECIFIER = "";
				SKIP_INSTALL = YES;
				SWIFT_EMIT_LOC_STRINGS = YES;
				SWIFT_VERSION = 5.0;
				TARGETED_DEVICE_FAMILY = 1;
			};
			name = Release;
		};
		3DA76A3F2730D1D0004091CE /* Debug */ = {
			isa = XCBuildConfiguration;
			buildSettings = {
				ALWAYS_SEARCH_USER_PATHS = NO;
				CLANG_ANALYZER_LOCALIZABILITY_NONLOCALIZED = YES;
				CLANG_ANALYZER_NONNULL = YES;
				CLANG_ANALYZER_NUMBER_OBJECT_CONVERSION = YES_AGGRESSIVE;
				CLANG_CXX_LANGUAGE_STANDARD = "gnu++17";
				CLANG_CXX_LIBRARY = "libc++";
				CLANG_ENABLE_MODULES = YES;
				CLANG_ENABLE_OBJC_ARC = YES;
				CLANG_ENABLE_OBJC_WEAK = YES;
				CLANG_WARN_BLOCK_CAPTURE_AUTORELEASING = YES;
				CLANG_WARN_BOOL_CONVERSION = YES;
				CLANG_WARN_COMMA = YES;
				CLANG_WARN_CONSTANT_CONVERSION = YES;
				CLANG_WARN_DEPRECATED_OBJC_IMPLEMENTATIONS = YES;
				CLANG_WARN_DIRECT_OBJC_ISA_USAGE = YES_ERROR;
				CLANG_WARN_DOCUMENTATION_COMMENTS = YES;
				CLANG_WARN_EMPTY_BODY = YES;
				CLANG_WARN_ENUM_CONVERSION = YES;
				CLANG_WARN_INFINITE_RECURSION = YES;
				CLANG_WARN_INT_CONVERSION = YES;
				CLANG_WARN_NON_LITERAL_NULL_CONVERSION = YES;
				CLANG_WARN_OBJC_IMPLICIT_RETAIN_SELF = YES;
				CLANG_WARN_OBJC_LITERAL_CONVERSION = YES;
				CLANG_WARN_OBJC_ROOT_CLASS = YES_ERROR;
				CLANG_WARN_QUOTED_INCLUDE_IN_FRAMEWORK_HEADER = YES;
				CLANG_WARN_RANGE_LOOP_ANALYSIS = YES;
				CLANG_WARN_STRICT_PROTOTYPES = YES;
				CLANG_WARN_SUSPICIOUS_MOVE = YES;
				CLANG_WARN_UNGUARDED_AVAILABILITY = YES_AGGRESSIVE;
				CLANG_WARN_UNREACHABLE_CODE = YES;
				CLANG_WARN__DUPLICATE_METHOD_MATCH = YES;
				COPY_PHASE_STRIP = NO;
				DEBUG_INFORMATION_FORMAT = dwarf;
				ENABLE_STRICT_OBJC_MSGSEND = YES;
				ENABLE_TESTABILITY = YES;
				GCC_C_LANGUAGE_STANDARD = gnu11;
				GCC_DYNAMIC_NO_PIC = NO;
				GCC_NO_COMMON_BLOCKS = YES;
				GCC_OPTIMIZATION_LEVEL = 0;
				GCC_PREPROCESSOR_DEFINITIONS = (
					"DEBUG=1",
					"$(inherited)",
				);
				GCC_WARN_64_TO_32_BIT_CONVERSION = YES;
				GCC_WARN_ABOUT_RETURN_TYPE = YES_ERROR;
				GCC_WARN_UNDECLARED_SELECTOR = YES;
				GCC_WARN_UNINITIALIZED_AUTOS = YES_AGGRESSIVE;
				GCC_WARN_UNUSED_FUNCTION = YES;
				GCC_WARN_UNUSED_VARIABLE = YES;
				IPHONEOS_DEPLOYMENT_TARGET = 15.0;
				MTL_ENABLE_DEBUG_INFO = INCLUDE_SOURCE;
				MTL_FAST_MATH = YES;
				ONLY_ACTIVE_ARCH = YES;
				SDKROOT = iphoneos;
				SWIFT_ACTIVE_COMPILATION_CONDITIONS = DEBUG;
				SWIFT_OPTIMIZATION_LEVEL = "-Onone";
			};
			name = Debug;
		};
		3DA76A402730D1D0004091CE /* Release */ = {
			isa = XCBuildConfiguration;
			buildSettings = {
				ALWAYS_SEARCH_USER_PATHS = NO;
				CLANG_ANALYZER_LOCALIZABILITY_NONLOCALIZED = YES;
				CLANG_ANALYZER_NONNULL = YES;
				CLANG_ANALYZER_NUMBER_OBJECT_CONVERSION = YES_AGGRESSIVE;
				CLANG_CXX_LANGUAGE_STANDARD = "gnu++17";
				CLANG_CXX_LIBRARY = "libc++";
				CLANG_ENABLE_MODULES = YES;
				CLANG_ENABLE_OBJC_ARC = YES;
				CLANG_ENABLE_OBJC_WEAK = YES;
				CLANG_WARN_BLOCK_CAPTURE_AUTORELEASING = YES;
				CLANG_WARN_BOOL_CONVERSION = YES;
				CLANG_WARN_COMMA = YES;
				CLANG_WARN_CONSTANT_CONVERSION = YES;
				CLANG_WARN_DEPRECATED_OBJC_IMPLEMENTATIONS = YES;
				CLANG_WARN_DIRECT_OBJC_ISA_USAGE = YES_ERROR;
				CLANG_WARN_DOCUMENTATION_COMMENTS = YES;
				CLANG_WARN_EMPTY_BODY = YES;
				CLANG_WARN_ENUM_CONVERSION = YES;
				CLANG_WARN_INFINITE_RECURSION = YES;
				CLANG_WARN_INT_CONVERSION = YES;
				CLANG_WARN_NON_LITERAL_NULL_CONVERSION = YES;
				CLANG_WARN_OBJC_IMPLICIT_RETAIN_SELF = YES;
				CLANG_WARN_OBJC_LITERAL_CONVERSION = YES;
				CLANG_WARN_OBJC_ROOT_CLASS = YES_ERROR;
				CLANG_WARN_QUOTED_INCLUDE_IN_FRAMEWORK_HEADER = YES;
				CLANG_WARN_RANGE_LOOP_ANALYSIS = YES;
				CLANG_WARN_STRICT_PROTOTYPES = YES;
				CLANG_WARN_SUSPICIOUS_MOVE = YES;
				CLANG_WARN_UNGUARDED_AVAILABILITY = YES_AGGRESSIVE;
				CLANG_WARN_UNREACHABLE_CODE = YES;
				CLANG_WARN__DUPLICATE_METHOD_MATCH = YES;
				COPY_PHASE_STRIP = NO;
				DEBUG_INFORMATION_FORMAT = "dwarf-with-dsym";
				ENABLE_NS_ASSERTIONS = NO;
				ENABLE_STRICT_OBJC_MSGSEND = YES;
				GCC_C_LANGUAGE_STANDARD = gnu11;
				GCC_NO_COMMON_BLOCKS = YES;
				GCC_WARN_64_TO_32_BIT_CONVERSION = YES;
				GCC_WARN_ABOUT_RETURN_TYPE = YES_ERROR;
				GCC_WARN_UNDECLARED_SELECTOR = YES;
				GCC_WARN_UNINITIALIZED_AUTOS = YES_AGGRESSIVE;
				GCC_WARN_UNUSED_FUNCTION = YES;
				GCC_WARN_UNUSED_VARIABLE = YES;
				IPHONEOS_DEPLOYMENT_TARGET = 15.0;
				MTL_ENABLE_DEBUG_INFO = NO;
				MTL_FAST_MATH = YES;
				SDKROOT = iphoneos;
				SWIFT_COMPILATION_MODE = wholemodule;
				SWIFT_OPTIMIZATION_LEVEL = "-O";
				VALIDATE_PRODUCT = YES;
			};
			name = Release;
		};
		3DA76A422730D1D0004091CE /* Debug */ = {
			isa = XCBuildConfiguration;
			buildSettings = {
				ALWAYS_EMBED_SWIFT_STANDARD_LIBRARIES = YES;
				ASSETCATALOG_COMPILER_APPICON_NAME = AppIcon;
				ASSETCATALOG_COMPILER_GLOBAL_ACCENT_COLOR_NAME = AccentColor;
				ASSETCATALOG_COMPILER_INCLUDE_ALL_APPICON_ASSETS = YES;
				CODE_SIGN_ENTITLEMENTS = Cocktail/Cocktail.entitlements;
				CODE_SIGN_IDENTITY = "Apple Development";
				CODE_SIGN_STYLE = Automatic;
				CURRENT_PROJECT_VERSION = 1;
				DEVELOPMENT_TEAM = 3GBKG7DTJY;
				GENERATE_INFOPLIST_FILE = YES;
				INFOPLIST_FILE = Cocktail/Info.plist;
				INFOPLIST_KEY_NSCameraUsageDescription = "앱에서 카메라앱에 접근하여 사진을 찍으려고 합니다. 허용하시겠습니까?";
				INFOPLIST_KEY_NSPhotoLibraryUsageDescription = "앱에서 사진첩에 접근하여 사진을 선택하려 합니다. 허용하시겠습니까?";
				INFOPLIST_KEY_UIApplicationSupportsIndirectInputEvents = YES;
				INFOPLIST_KEY_UILaunchStoryboardName = LaunchScreen;
				INFOPLIST_KEY_UISupportedInterfaceOrientations_iPad = "UIInterfaceOrientationPortrait UIInterfaceOrientationPortraitUpsideDown UIInterfaceOrientationLandscapeLeft UIInterfaceOrientationLandscapeRight";
				INFOPLIST_KEY_UISupportedInterfaceOrientations_iPhone = "UIInterfaceOrientationPortrait UIInterfaceOrientationLandscapeLeft UIInterfaceOrientationLandscapeRight";
				IPHONEOS_DEPLOYMENT_TARGET = 15.0;
				LD_RUNPATH_SEARCH_PATHS = (
					"$(inherited)",
					"@executable_path/Frameworks",
				);
				MARKETING_VERSION = 0.3.0;
				PRODUCT_BUNDLE_IDENTIFIER = heesung.Cocktail;
				PRODUCT_NAME = "$(TARGET_NAME)";
				PROVISIONING_PROFILE_SPECIFIER = "";
				SWIFT_EMIT_LOC_STRINGS = YES;
				SWIFT_VERSION = 5.0;
				TARGETED_DEVICE_FAMILY = 1;
			};
			name = Debug;
		};
		3DA76A432730D1D0004091CE /* Release */ = {
			isa = XCBuildConfiguration;
			buildSettings = {
				ALWAYS_EMBED_SWIFT_STANDARD_LIBRARIES = YES;
				ASSETCATALOG_COMPILER_APPICON_NAME = AppIcon;
				ASSETCATALOG_COMPILER_GLOBAL_ACCENT_COLOR_NAME = AccentColor;
				ASSETCATALOG_COMPILER_INCLUDE_ALL_APPICON_ASSETS = YES;
				CODE_SIGN_ENTITLEMENTS = Cocktail/Cocktail.entitlements;
				CODE_SIGN_IDENTITY = "Apple Development";
				CODE_SIGN_STYLE = Automatic;
				CURRENT_PROJECT_VERSION = 1;
				DEVELOPMENT_TEAM = 3GBKG7DTJY;
				GENERATE_INFOPLIST_FILE = YES;
				INFOPLIST_FILE = Cocktail/Info.plist;
				INFOPLIST_KEY_NSCameraUsageDescription = "앱에서 카메라앱에 접근하여 사진을 찍으려고 합니다. 허용하시겠습니까?";
				INFOPLIST_KEY_NSPhotoLibraryUsageDescription = "앱에서 사진첩에 접근하여 사진을 선택하려 합니다. 허용하시겠습니까?";
				INFOPLIST_KEY_UIApplicationSupportsIndirectInputEvents = YES;
				INFOPLIST_KEY_UILaunchStoryboardName = LaunchScreen;
				INFOPLIST_KEY_UISupportedInterfaceOrientations_iPad = "UIInterfaceOrientationPortrait UIInterfaceOrientationPortraitUpsideDown UIInterfaceOrientationLandscapeLeft UIInterfaceOrientationLandscapeRight";
				INFOPLIST_KEY_UISupportedInterfaceOrientations_iPhone = "UIInterfaceOrientationPortrait UIInterfaceOrientationLandscapeLeft UIInterfaceOrientationLandscapeRight";
				IPHONEOS_DEPLOYMENT_TARGET = 15.0;
				LD_RUNPATH_SEARCH_PATHS = (
					"$(inherited)",
					"@executable_path/Frameworks",
				);
				MARKETING_VERSION = 0.3.0;
				PRODUCT_BUNDLE_IDENTIFIER = heesung.Cocktail;
				PRODUCT_NAME = "$(TARGET_NAME)";
				PROVISIONING_PROFILE_SPECIFIER = "";
				SWIFT_EMIT_LOC_STRINGS = YES;
				SWIFT_VERSION = 5.0;
				TARGETED_DEVICE_FAMILY = 1;
			};
			name = Release;
		};
/* End XCBuildConfiguration section */

/* Begin XCConfigurationList section */
		3D07247D274F55220061B3F5 /* Build configuration list for PBXNativeTarget "Cocktail WidgetExtension" */ = {
			isa = XCConfigurationList;
			buildConfigurations = (
				3D07247B274F55220061B3F5 /* Debug */,
				3D07247C274F55220061B3F5 /* Release */,
			);
			defaultConfigurationIsVisible = 0;
			defaultConfigurationName = Release;
		};
		3DA76A282730D1CD004091CE /* Build configuration list for PBXProject "Cocktail" */ = {
			isa = XCConfigurationList;
			buildConfigurations = (
				3DA76A3F2730D1D0004091CE /* Debug */,
				3DA76A402730D1D0004091CE /* Release */,
			);
			defaultConfigurationIsVisible = 0;
			defaultConfigurationName = Release;
		};
		3DA76A412730D1D0004091CE /* Build configuration list for PBXNativeTarget "Cocktail" */ = {
			isa = XCConfigurationList;
			buildConfigurations = (
				3DA76A422730D1D0004091CE /* Debug */,
				3DA76A432730D1D0004091CE /* Release */,
			);
			defaultConfigurationIsVisible = 0;
			defaultConfigurationName = Release;
		};
/* End XCConfigurationList section */

/* Begin XCRemoteSwiftPackageReference section */
		3D4415CD27564CF400CBCC40 /* XCRemoteSwiftPackageReference "GoogleSignIn-iOS" */ = {
			isa = XCRemoteSwiftPackageReference;
			repositoryURL = "https://github.com/google/GoogleSignIn-iOS";
			requirement = {
				kind = upToNextMajorVersion;
				minimumVersion = 6.0.0;
			};
		};
		3D48C2072759A671001B40FC /* XCRemoteSwiftPackageReference "Kingfisher" */ = {
			isa = XCRemoteSwiftPackageReference;
			repositoryURL = "https://github.com/onevcat/Kingfisher.git";
			requirement = {
				kind = upToNextMajorVersion;
				minimumVersion = 7.0.0;
			};
		};
		3D48C20C275A0595001B40FC /* XCRemoteSwiftPackageReference "NVActivityIndicatorView" */ = {
			isa = XCRemoteSwiftPackageReference;
			repositoryURL = "https://github.com/ninjaprox/NVActivityIndicatorView.git";
			requirement = {
				branch = master;
				kind = branch;
			};
		};
		3D647F2B2753327F005EE580 /* XCRemoteSwiftPackageReference "SnapKit" */ = {
			isa = XCRemoteSwiftPackageReference;
			repositoryURL = "https://github.com/SnapKit/SnapKit.git";
			requirement = {
				kind = upToNextMajorVersion;
				minimumVersion = 5.0.0;
			};
		};
		3DB910D927574D720076CB50 /* XCRemoteSwiftPackageReference "firebase-ios-sdk" */ = {
			isa = XCRemoteSwiftPackageReference;
			repositoryURL = "https://github.com/firebase/firebase-ios-sdk.git";
			requirement = {
				kind = upToNextMajorVersion;
				minimumVersion = 8.0.0;
			};
		};
/* End XCRemoteSwiftPackageReference section */

/* Begin XCSwiftPackageProductDependency section */
		3D4415CE27564CF400CBCC40 /* GoogleSignIn */ = {
			isa = XCSwiftPackageProductDependency;
			package = 3D4415CD27564CF400CBCC40 /* XCRemoteSwiftPackageReference "GoogleSignIn-iOS" */;
			productName = GoogleSignIn;
		};
		3D48C2082759A672001B40FC /* Kingfisher */ = {
			isa = XCSwiftPackageProductDependency;
			package = 3D48C2072759A671001B40FC /* XCRemoteSwiftPackageReference "Kingfisher" */;
			productName = Kingfisher;
		};
		3D48C20D275A0595001B40FC /* NVActivityIndicatorView */ = {
			isa = XCSwiftPackageProductDependency;
			package = 3D48C20C275A0595001B40FC /* XCRemoteSwiftPackageReference "NVActivityIndicatorView" */;
			productName = NVActivityIndicatorView;
		};
		3D48C20F275A0595001B40FC /* NVActivityIndicatorViewExtended */ = {
			isa = XCSwiftPackageProductDependency;
			package = 3D48C20C275A0595001B40FC /* XCRemoteSwiftPackageReference "NVActivityIndicatorView" */;
			productName = NVActivityIndicatorViewExtended;
		};
		3D647F2C2753327F005EE580 /* SnapKit */ = {
			isa = XCSwiftPackageProductDependency;
			package = 3D647F2B2753327F005EE580 /* XCRemoteSwiftPackageReference "SnapKit" */;
			productName = SnapKit;
		};
		3DB910DA27574D720076CB50 /* FirebaseAnalytics */ = {
			isa = XCSwiftPackageProductDependency;
			package = 3DB910D927574D720076CB50 /* XCRemoteSwiftPackageReference "firebase-ios-sdk" */;
			productName = FirebaseAnalytics;
		};
		3DB910DC27574D720076CB50 /* FirebaseAnalyticsSwift-Beta */ = {
			isa = XCSwiftPackageProductDependency;
			package = 3DB910D927574D720076CB50 /* XCRemoteSwiftPackageReference "firebase-ios-sdk" */;
			productName = "FirebaseAnalyticsSwift-Beta";
		};
		3DB910DE27574D720076CB50 /* FirebaseAuth */ = {
			isa = XCSwiftPackageProductDependency;
			package = 3DB910D927574D720076CB50 /* XCRemoteSwiftPackageReference "firebase-ios-sdk" */;
			productName = FirebaseAuth;
		};
		3DB910E027574D720076CB50 /* FirebaseCrashlytics */ = {
			isa = XCSwiftPackageProductDependency;
			package = 3DB910D927574D720076CB50 /* XCRemoteSwiftPackageReference "firebase-ios-sdk" */;
			productName = FirebaseCrashlytics;
		};
		3DB910E227574D720076CB50 /* FirebaseDatabase */ = {
			isa = XCSwiftPackageProductDependency;
			package = 3DB910D927574D720076CB50 /* XCRemoteSwiftPackageReference "firebase-ios-sdk" */;
			productName = FirebaseDatabase;
		};
		3DB910E427574D720076CB50 /* FirebaseDatabaseSwift-Beta */ = {
			isa = XCSwiftPackageProductDependency;
			package = 3DB910D927574D720076CB50 /* XCRemoteSwiftPackageReference "firebase-ios-sdk" */;
			productName = "FirebaseDatabaseSwift-Beta";
		};
		3DB910E627574D720076CB50 /* FirebaseInAppMessaging-Beta */ = {
			isa = XCSwiftPackageProductDependency;
			package = 3DB910D927574D720076CB50 /* XCRemoteSwiftPackageReference "firebase-ios-sdk" */;
			productName = "FirebaseInAppMessaging-Beta";
		};
		3DB910E827574D720076CB50 /* FirebaseInAppMessagingSwift-Beta */ = {
			isa = XCSwiftPackageProductDependency;
			package = 3DB910D927574D720076CB50 /* XCRemoteSwiftPackageReference "firebase-ios-sdk" */;
			productName = "FirebaseInAppMessagingSwift-Beta";
		};
		3DB910EA27574D720076CB50 /* FirebaseMessaging */ = {
			isa = XCSwiftPackageProductDependency;
			package = 3DB910D927574D720076CB50 /* XCRemoteSwiftPackageReference "firebase-ios-sdk" */;
			productName = FirebaseMessaging;
		};
		3DB910EC27574D720076CB50 /* FirebaseRemoteConfig */ = {
			isa = XCSwiftPackageProductDependency;
			package = 3DB910D927574D720076CB50 /* XCRemoteSwiftPackageReference "firebase-ios-sdk" */;
			productName = FirebaseRemoteConfig;
		};
		3DB910EE27574D720076CB50 /* FirebaseStorage */ = {
			isa = XCSwiftPackageProductDependency;
			package = 3DB910D927574D720076CB50 /* XCRemoteSwiftPackageReference "firebase-ios-sdk" */;
			productName = FirebaseStorage;
		};
		3DB910F027574D720076CB50 /* FirebaseStorageSwift-Beta */ = {
			isa = XCSwiftPackageProductDependency;
			package = 3DB910D927574D720076CB50 /* XCRemoteSwiftPackageReference "firebase-ios-sdk" */;
			productName = "FirebaseStorageSwift-Beta";
		};
/* End XCSwiftPackageProductDependency section */
	};
	rootObject = 3DA76A252730D1CD004091CE /* Project object */;
}
